
Microsoft Visual Studio Solution File, Format Version 12.00
# Visual Studio Version 16
VisualStudioVersion = 16.0.29613.14
MinimumVisualStudioVersion = 10.0.40219.1
Project("{FAE04EC0-301F-11D3-BF4B-00C04F79EFBC}") = "SumaProductos4Numeros", "SumaProductos4Numeros\SumaProductos4Numeros.csproj", "{D6905587-182A-469D-812F-FAA80F60E83F}"
EndProject
Global
	GlobalSection(SolutionConfigurationPlatforms) = preSolution
		Debug|Any CPU = Debug|Any CPU
		Release|Any CPU = Release|Any CPU
	EndGlobalSection
	GlobalSection(ProjectConfigurationPlatforms) = postSolution
		{D6905587-182A-469D-812F-FAA80F60E83F}.Debug|Any CPU.ActiveCfg = Debug|Any CPU
		{D6905587-182A-469D-812F-FAA80F60E83F}.Debug|Any CPU.Build.0 = Debug|Any CPU
		{D6905587-182A-469D-812F-FAA80F60E83F}.Release|Any CPU.ActiveCfg = Release|Any CPU
		{D6905587-182A-469D-812F-FAA80F60E83F}.Release|Any CPU.Build.0 = Release|Any CPU
	EndGlobalSection
	GlobalSection(SolutionProperties) = preSolution
		HideSolutionNode = FALSE
	EndGlobalSection
	GlobalSection(ExtensibilityGlobals) = postSolution
		SolutionGuid = {BE4C364A-43D1-4F75-9A47-19574B7B9FA8}
	EndGlobalSection
EndGlobal
