
Microsoft Visual Studio Solution File, Format Version 12.00
# Visual Studio Version 16
VisualStudioVersion = 16.0.29613.14
MinimumVisualStudioVersion = 10.0.40219.1
Project("{FAE04EC0-301F-11D3-BF4B-00C04F79EFBC}") = "PruebaClase6", "PruebaClase6\PruebaClase6.csproj", "{4230512E-781B-4DBC-BA4B-D29B2110C564}"
EndProject
Global
	GlobalSection(SolutionConfigurationPlatforms) = preSolution
		Debug|Any CPU = Debug|Any CPU
		Release|Any CPU = Release|Any CPU
	EndGlobalSection
	GlobalSection(ProjectConfigurationPlatforms) = postSolution
		{4230512E-781B-4DBC-BA4B-D29B2110C564}.Debug|Any CPU.ActiveCfg = Debug|Any CPU
		{4230512E-781B-4DBC-BA4B-D29B2110C564}.Debug|Any CPU.Build.0 = Debug|Any CPU
		{4230512E-781B-4DBC-BA4B-D29B2110C564}.Release|Any CPU.ActiveCfg = Release|Any CPU
		{4230512E-781B-4DBC-BA4B-D29B2110C564}.Release|Any CPU.Build.0 = Release|Any CPU
	EndGlobalSection
	GlobalSection(SolutionProperties) = preSolution
		HideSolutionNode = FALSE
	EndGlobalSection
	GlobalSection(ExtensibilityGlobals) = postSolution
		SolutionGuid = {EAB49416-B7F2-4835-AE59-7B4695B9041E}
	EndGlobalSection
EndGlobal
