
Microsoft Visual Studio Solution File, Format Version 12.00
# Visual Studio Version 16
VisualStudioVersion = 16.0.29613.14
MinimumVisualStudioVersion = 10.0.40219.1
Project("{FAE04EC0-301F-11D3-BF4B-00C04F79EFBC}") = "CondicionesCompuestas3", "CondicionesCompuestas3\CondicionesCompuestas3.csproj", "{AC55DE39-A8A0-45DA-B8C1-EC67D8C791FE}"
EndProject
Global
	GlobalSection(SolutionConfigurationPlatforms) = preSolution
		Debug|Any CPU = Debug|Any CPU
		Release|Any CPU = Release|Any CPU
	EndGlobalSection
	GlobalSection(ProjectConfigurationPlatforms) = postSolution
		{AC55DE39-A8A0-45DA-B8C1-EC67D8C791FE}.Debug|Any CPU.ActiveCfg = Debug|Any CPU
		{AC55DE39-A8A0-45DA-B8C1-EC67D8C791FE}.Debug|Any CPU.Build.0 = Debug|Any CPU
		{AC55DE39-A8A0-45DA-B8C1-EC67D8C791FE}.Release|Any CPU.ActiveCfg = Release|Any CPU
		{AC55DE39-A8A0-45DA-B8C1-EC67D8C791FE}.Release|Any CPU.Build.0 = Release|Any CPU
	EndGlobalSection
	GlobalSection(SolutionProperties) = preSolution
		HideSolutionNode = FALSE
	EndGlobalSection
	GlobalSection(ExtensibilityGlobals) = postSolution
		SolutionGuid = {2D577E72-0465-4785-9AC2-90E1B39CDA36}
	EndGlobalSection
EndGlobal
