
Microsoft Visual Studio Solution File, Format Version 12.00
# Visual Studio Version 16
VisualStudioVersion = 16.0.29613.14
MinimumVisualStudioVersion = 10.0.40219.1
Project("{FAE04EC0-301F-11D3-BF4B-00C04F79EFBC}") = "CondicionCompuesta1", "CondicionCompuesta1\CondicionCompuesta1.csproj", "{67D755FF-5B40-45CA-9CC3-5E282B13115B}"
EndProject
Global
	GlobalSection(SolutionConfigurationPlatforms) = preSolution
		Debug|Any CPU = Debug|Any CPU
		Release|Any CPU = Release|Any CPU
	EndGlobalSection
	GlobalSection(ProjectConfigurationPlatforms) = postSolution
		{67D755FF-5B40-45CA-9CC3-5E282B13115B}.Debug|Any CPU.ActiveCfg = Debug|Any CPU
		{67D755FF-5B40-45CA-9CC3-5E282B13115B}.Debug|Any CPU.Build.0 = Debug|Any CPU
		{67D755FF-5B40-45CA-9CC3-5E282B13115B}.Release|Any CPU.ActiveCfg = Release|Any CPU
		{67D755FF-5B40-45CA-9CC3-5E282B13115B}.Release|Any CPU.Build.0 = Release|Any CPU
	EndGlobalSection
	GlobalSection(SolutionProperties) = preSolution
		HideSolutionNode = FALSE
	EndGlobalSection
	GlobalSection(ExtensibilityGlobals) = postSolution
		SolutionGuid = {7A1CD1F0-6937-4FCD-BBE7-4949A60E4663}
	EndGlobalSection
EndGlobal
