
Microsoft Visual Studio Solution File, Format Version 12.00
# Visual Studio Version 16
VisualStudioVersion = 16.0.29613.14
MinimumVisualStudioVersion = 10.0.40219.1
Project("{FAE04EC0-301F-11D3-BF4B-00C04F79EFBC}") = "EstructuraCondicionalCompuesta2", "EstructuraCondicionalCompuesta2\EstructuraCondicionalCompuesta2.csproj", "{A46608E9-DCDE-4790-86D2-928312DEE48D}"
EndProject
Global
	GlobalSection(SolutionConfigurationPlatforms) = preSolution
		Debug|Any CPU = Debug|Any CPU
		Release|Any CPU = Release|Any CPU
	EndGlobalSection
	GlobalSection(ProjectConfigurationPlatforms) = postSolution
		{A46608E9-DCDE-4790-86D2-928312DEE48D}.Debug|Any CPU.ActiveCfg = Debug|Any CPU
		{A46608E9-DCDE-4790-86D2-928312DEE48D}.Debug|Any CPU.Build.0 = Debug|Any CPU
		{A46608E9-DCDE-4790-86D2-928312DEE48D}.Release|Any CPU.ActiveCfg = Release|Any CPU
		{A46608E9-DCDE-4790-86D2-928312DEE48D}.Release|Any CPU.Build.0 = Release|Any CPU
	EndGlobalSection
	GlobalSection(SolutionProperties) = preSolution
		HideSolutionNode = FALSE
	EndGlobalSection
	GlobalSection(ExtensibilityGlobals) = postSolution
		SolutionGuid = {1AE107BE-4121-4046-9AD8-0101DAA4BDDA}
	EndGlobalSection
EndGlobal
