
Microsoft Visual Studio Solution File, Format Version 12.00
# Visual Studio Version 16
VisualStudioVersion = 16.0.29613.14
MinimumVisualStudioVersion = 10.0.40219.1
Project("{FAE04EC0-301F-11D3-BF4B-00C04F79EFBC}") = "PruebaVector5", "PruebaVector5\PruebaVector5.csproj", "{A453B391-52EE-4FAB-8A2E-8A297804C395}"
EndProject
Global
	GlobalSection(SolutionConfigurationPlatforms) = preSolution
		Debug|Any CPU = Debug|Any CPU
		Release|Any CPU = Release|Any CPU
	EndGlobalSection
	GlobalSection(ProjectConfigurationPlatforms) = postSolution
		{A453B391-52EE-4FAB-8A2E-8A297804C395}.Debug|Any CPU.ActiveCfg = Debug|Any CPU
		{A453B391-52EE-4FAB-8A2E-8A297804C395}.Debug|Any CPU.Build.0 = Debug|Any CPU
		{A453B391-52EE-4FAB-8A2E-8A297804C395}.Release|Any CPU.ActiveCfg = Release|Any CPU
		{A453B391-52EE-4FAB-8A2E-8A297804C395}.Release|Any CPU.Build.0 = Release|Any CPU
	EndGlobalSection
	GlobalSection(SolutionProperties) = preSolution
		HideSolutionNode = FALSE
	EndGlobalSection
	GlobalSection(ExtensibilityGlobals) = postSolution
		SolutionGuid = {64297F81-BADC-4EB5-A15E-1D524CD3F762}
	EndGlobalSection
EndGlobal
