
Microsoft Visual Studio Solution File, Format Version 12.00
# Visual Studio Version 16
VisualStudioVersion = 16.0.29613.14
MinimumVisualStudioVersion = 10.0.40219.1
Project("{FAE04EC0-301F-11D3-BF4B-00C04F79EFBC}") = "EstructuraRepetitivaFor8", "EstructuraRepetitivaFor8\EstructuraRepetitivaFor8.csproj", "{0C8CAD32-C959-4BE9-8C9D-E4DC1D22FCE0}"
EndProject
Global
	GlobalSection(SolutionConfigurationPlatforms) = preSolution
		Debug|Any CPU = Debug|Any CPU
		Release|Any CPU = Release|Any CPU
	EndGlobalSection
	GlobalSection(ProjectConfigurationPlatforms) = postSolution
		{0C8CAD32-C959-4BE9-8C9D-E4DC1D22FCE0}.Debug|Any CPU.ActiveCfg = Debug|Any CPU
		{0C8CAD32-C959-4BE9-8C9D-E4DC1D22FCE0}.Debug|Any CPU.Build.0 = Debug|Any CPU
		{0C8CAD32-C959-4BE9-8C9D-E4DC1D22FCE0}.Release|Any CPU.ActiveCfg = Release|Any CPU
		{0C8CAD32-C959-4BE9-8C9D-E4DC1D22FCE0}.Release|Any CPU.Build.0 = Release|Any CPU
	EndGlobalSection
	GlobalSection(SolutionProperties) = preSolution
		HideSolutionNode = FALSE
	EndGlobalSection
	GlobalSection(ExtensibilityGlobals) = postSolution
		SolutionGuid = {F2817CD1-2B73-42C6-9F1D-ADA6AEE49F8D}
	EndGlobalSection
EndGlobal
