
Microsoft Visual Studio Solution File, Format Version 12.00
# Visual Studio Version 16
VisualStudioVersion = 16.0.29613.14
MinimumVisualStudioVersion = 10.0.40219.1
Project("{FAE04EC0-301F-11D3-BF4B-00C04F79EFBC}") = "PruebaVector2", "PruebaVector2\PruebaVector2.csproj", "{0082D5F3-47D9-48AC-9815-7E9AA1FE93DE}"
EndProject
Global
	GlobalSection(SolutionConfigurationPlatforms) = preSolution
		Debug|Any CPU = Debug|Any CPU
		Release|Any CPU = Release|Any CPU
	EndGlobalSection
	GlobalSection(ProjectConfigurationPlatforms) = postSolution
		{0082D5F3-47D9-48AC-9815-7E9AA1FE93DE}.Debug|Any CPU.ActiveCfg = Debug|Any CPU
		{0082D5F3-47D9-48AC-9815-7E9AA1FE93DE}.Debug|Any CPU.Build.0 = Debug|Any CPU
		{0082D5F3-47D9-48AC-9815-7E9AA1FE93DE}.Release|Any CPU.ActiveCfg = Release|Any CPU
		{0082D5F3-47D9-48AC-9815-7E9AA1FE93DE}.Release|Any CPU.Build.0 = Release|Any CPU
	EndGlobalSection
	GlobalSection(SolutionProperties) = preSolution
		HideSolutionNode = FALSE
	EndGlobalSection
	GlobalSection(ExtensibilityGlobals) = postSolution
		SolutionGuid = {9FF013C7-2A82-47DA-BDFD-521B495EF015}
	EndGlobalSection
EndGlobal
