
Microsoft Visual Studio Solution File, Format Version 12.00
# Visual Studio Version 16
VisualStudioVersion = 16.0.29613.14
MinimumVisualStudioVersion = 10.0.40219.1
Project("{FAE04EC0-301F-11D3-BF4B-00C04F79EFBC}") = "ListasTipoPila1", "ListasTipoPila1\ListasTipoPila1.csproj", "{9593114C-A367-4B7B-BBB2-82FD5097B744}"
EndProject
Global
	GlobalSection(SolutionConfigurationPlatforms) = preSolution
		Debug|Any CPU = Debug|Any CPU
		Release|Any CPU = Release|Any CPU
	EndGlobalSection
	GlobalSection(ProjectConfigurationPlatforms) = postSolution
		{9593114C-A367-4B7B-BBB2-82FD5097B744}.Debug|Any CPU.ActiveCfg = Debug|Any CPU
		{9593114C-A367-4B7B-BBB2-82FD5097B744}.Debug|Any CPU.Build.0 = Debug|Any CPU
		{9593114C-A367-4B7B-BBB2-82FD5097B744}.Release|Any CPU.ActiveCfg = Release|Any CPU
		{9593114C-A367-4B7B-BBB2-82FD5097B744}.Release|Any CPU.Build.0 = Release|Any CPU
	EndGlobalSection
	GlobalSection(SolutionProperties) = preSolution
		HideSolutionNode = FALSE
	EndGlobalSection
	GlobalSection(ExtensibilityGlobals) = postSolution
		SolutionGuid = {CC8D554D-5FB9-49B3-B065-6908F5E848BF}
	EndGlobalSection
EndGlobal
