
Microsoft Visual Studio Solution File, Format Version 12.00
# Visual Studio Version 16
VisualStudioVersion = 16.0.29613.14
MinimumVisualStudioVersion = 10.0.40219.1
Project("{FAE04EC0-301F-11D3-BF4B-00C04F79EFBC}") = "PruebaVector10", "PruebaVector10\PruebaVector10.csproj", "{0C6BCBD5-9A3F-4DC6-9734-F49D5839409E}"
EndProject
Global
	GlobalSection(SolutionConfigurationPlatforms) = preSolution
		Debug|Any CPU = Debug|Any CPU
		Release|Any CPU = Release|Any CPU
	EndGlobalSection
	GlobalSection(ProjectConfigurationPlatforms) = postSolution
		{0C6BCBD5-9A3F-4DC6-9734-F49D5839409E}.Debug|Any CPU.ActiveCfg = Debug|Any CPU
		{0C6BCBD5-9A3F-4DC6-9734-F49D5839409E}.Debug|Any CPU.Build.0 = Debug|Any CPU
		{0C6BCBD5-9A3F-4DC6-9734-F49D5839409E}.Release|Any CPU.ActiveCfg = Release|Any CPU
		{0C6BCBD5-9A3F-4DC6-9734-F49D5839409E}.Release|Any CPU.Build.0 = Release|Any CPU
	EndGlobalSection
	GlobalSection(SolutionProperties) = preSolution
		HideSolutionNode = FALSE
	EndGlobalSection
	GlobalSection(ExtensibilityGlobals) = postSolution
		SolutionGuid = {AF233475-52DB-45F3-AA37-911EFAC4B63E}
	EndGlobalSection
EndGlobal
