
Microsoft Visual Studio Solution File, Format Version 12.00
# Visual Studio Version 16
VisualStudioVersion = 16.0.29613.14
MinimumVisualStudioVersion = 10.0.40219.1
Project("{FAE04EC0-301F-11D3-BF4B-00C04F79EFBC}") = "CadenaDeCaracteres3", "CadenaDeCaracteres3\CadenaDeCaracteres3.csproj", "{09AF555F-6F4C-4BD3-9A64-EF0CA5F9EA05}"
EndProject
Global
	GlobalSection(SolutionConfigurationPlatforms) = preSolution
		Debug|Any CPU = Debug|Any CPU
		Release|Any CPU = Release|Any CPU
	EndGlobalSection
	GlobalSection(ProjectConfigurationPlatforms) = postSolution
		{09AF555F-6F4C-4BD3-9A64-EF0CA5F9EA05}.Debug|Any CPU.ActiveCfg = Debug|Any CPU
		{09AF555F-6F4C-4BD3-9A64-EF0CA5F9EA05}.Debug|Any CPU.Build.0 = Debug|Any CPU
		{09AF555F-6F4C-4BD3-9A64-EF0CA5F9EA05}.Release|Any CPU.ActiveCfg = Release|Any CPU
		{09AF555F-6F4C-4BD3-9A64-EF0CA5F9EA05}.Release|Any CPU.Build.0 = Release|Any CPU
	EndGlobalSection
	GlobalSection(SolutionProperties) = preSolution
		HideSolutionNode = FALSE
	EndGlobalSection
	GlobalSection(ExtensibilityGlobals) = postSolution
		SolutionGuid = {86989BAC-7745-4F0D-B422-90A987506B19}
	EndGlobalSection
EndGlobal
