
Microsoft Visual Studio Solution File, Format Version 12.00
# Visual Studio Version 16
VisualStudioVersion = 16.0.29613.14
MinimumVisualStudioVersion = 10.0.40219.1
Project("{FAE04EC0-301F-11D3-BF4B-00C04F79EFBC}") = "EstructuraRepetitivaDoWhile2", "EstructuraRepetitivaDoWhile2\EstructuraRepetitivaDoWhile2.csproj", "{8A528D8B-82A7-452C-91A1-289BAC286452}"
EndProject
Global
	GlobalSection(SolutionConfigurationPlatforms) = preSolution
		Debug|Any CPU = Debug|Any CPU
		Release|Any CPU = Release|Any CPU
	EndGlobalSection
	GlobalSection(ProjectConfigurationPlatforms) = postSolution
		{8A528D8B-82A7-452C-91A1-289BAC286452}.Debug|Any CPU.ActiveCfg = Debug|Any CPU
		{8A528D8B-82A7-452C-91A1-289BAC286452}.Debug|Any CPU.Build.0 = Debug|Any CPU
		{8A528D8B-82A7-452C-91A1-289BAC286452}.Release|Any CPU.ActiveCfg = Release|Any CPU
		{8A528D8B-82A7-452C-91A1-289BAC286452}.Release|Any CPU.Build.0 = Release|Any CPU
	EndGlobalSection
	GlobalSection(SolutionProperties) = preSolution
		HideSolutionNode = FALSE
	EndGlobalSection
	GlobalSection(ExtensibilityGlobals) = postSolution
		SolutionGuid = {53A2BC97-AD73-4E49-950B-9443C97F9342}
	EndGlobalSection
EndGlobal
