
Microsoft Visual Studio Solution File, Format Version 12.00
# Visual Studio Version 16
VisualStudioVersion = 16.0.29613.14
MinimumVisualStudioVersion = 10.0.40219.1
Project("{FAE04EC0-301F-11D3-BF4B-00C04F79EFBC}") = "PruebaConstructor4", "PruebaConstructor4\PruebaConstructor4.csproj", "{3078D06D-BA04-4C9E-A255-101AEC5CDBDC}"
EndProject
Global
	GlobalSection(SolutionConfigurationPlatforms) = preSolution
		Debug|Any CPU = Debug|Any CPU
		Release|Any CPU = Release|Any CPU
	EndGlobalSection
	GlobalSection(ProjectConfigurationPlatforms) = postSolution
		{3078D06D-BA04-4C9E-A255-101AEC5CDBDC}.Debug|Any CPU.ActiveCfg = Debug|Any CPU
		{3078D06D-BA04-4C9E-A255-101AEC5CDBDC}.Debug|Any CPU.Build.0 = Debug|Any CPU
		{3078D06D-BA04-4C9E-A255-101AEC5CDBDC}.Release|Any CPU.ActiveCfg = Release|Any CPU
		{3078D06D-BA04-4C9E-A255-101AEC5CDBDC}.Release|Any CPU.Build.0 = Release|Any CPU
	EndGlobalSection
	GlobalSection(SolutionProperties) = preSolution
		HideSolutionNode = FALSE
	EndGlobalSection
	GlobalSection(ExtensibilityGlobals) = postSolution
		SolutionGuid = {89220B66-199F-4A6C-A04B-1338DA9ADD79}
	EndGlobalSection
EndGlobal
