
Microsoft Visual Studio Solution File, Format Version 12.00
# Visual Studio Version 16
VisualStudioVersion = 16.0.29613.14
MinimumVisualStudioVersion = 10.0.40219.1
Project("{FAE04EC0-301F-11D3-BF4B-00C04F79EFBC}") = "radioButtonApp", "radioButtonApp\radioButtonApp.csproj", "{B14B32A0-6508-4C85-AF9A-0355513755A3}"
EndProject
Global
	GlobalSection(SolutionConfigurationPlatforms) = preSolution
		Debug|Any CPU = Debug|Any CPU
		Release|Any CPU = Release|Any CPU
	EndGlobalSection
	GlobalSection(ProjectConfigurationPlatforms) = postSolution
		{B14B32A0-6508-4C85-AF9A-0355513755A3}.Debug|Any CPU.ActiveCfg = Debug|Any CPU
		{B14B32A0-6508-4C85-AF9A-0355513755A3}.Debug|Any CPU.Build.0 = Debug|Any CPU
		{B14B32A0-6508-4C85-AF9A-0355513755A3}.Release|Any CPU.ActiveCfg = Release|Any CPU
		{B14B32A0-6508-4C85-AF9A-0355513755A3}.Release|Any CPU.Build.0 = Release|Any CPU
	EndGlobalSection
	GlobalSection(SolutionProperties) = preSolution
		HideSolutionNode = FALSE
	EndGlobalSection
	GlobalSection(ExtensibilityGlobals) = postSolution
		SolutionGuid = {98CD68DF-1619-44AC-89CD-B134901EF894}
	EndGlobalSection
EndGlobal
