
Microsoft Visual Studio Solution File, Format Version 12.00
# Visual Studio Version 16
VisualStudioVersion = 16.0.29613.14
MinimumVisualStudioVersion = 10.0.40219.1
Project("{FAE04EC0-301F-11D3-BF4B-00C04F79EFBC}") = "EstructuraCondicionalAnidada2", "EstructuraCondicionalAnidada2\EstructuraCondicionalAnidada2.csproj", "{86A5DDA8-C8DF-4BF6-B49B-123C02E0BFB3}"
EndProject
Global
	GlobalSection(SolutionConfigurationPlatforms) = preSolution
		Debug|Any CPU = Debug|Any CPU
		Release|Any CPU = Release|Any CPU
	EndGlobalSection
	GlobalSection(ProjectConfigurationPlatforms) = postSolution
		{86A5DDA8-C8DF-4BF6-B49B-123C02E0BFB3}.Debug|Any CPU.ActiveCfg = Debug|Any CPU
		{86A5DDA8-C8DF-4BF6-B49B-123C02E0BFB3}.Debug|Any CPU.Build.0 = Debug|Any CPU
		{86A5DDA8-C8DF-4BF6-B49B-123C02E0BFB3}.Release|Any CPU.ActiveCfg = Release|Any CPU
		{86A5DDA8-C8DF-4BF6-B49B-123C02E0BFB3}.Release|Any CPU.Build.0 = Release|Any CPU
	EndGlobalSection
	GlobalSection(SolutionProperties) = preSolution
		HideSolutionNode = FALSE
	EndGlobalSection
	GlobalSection(ExtensibilityGlobals) = postSolution
		SolutionGuid = {FFC4BD35-1348-4742-81AB-AC81C8B72E97}
	EndGlobalSection
EndGlobal
