
Microsoft Visual Studio Solution File, Format Version 12.00
# Visual Studio Version 16
VisualStudioVersion = 16.0.29613.14
MinimumVisualStudioVersion = 10.0.40219.1
Project("{FAE04EC0-301F-11D3-BF4B-00C04F79EFBC}") = "CondicionCompuesta2", "CondicionCompuesta2\CondicionCompuesta2.csproj", "{94D59E68-AF93-456D-95BA-13235009BC7F}"
EndProject
Global
	GlobalSection(SolutionConfigurationPlatforms) = preSolution
		Debug|Any CPU = Debug|Any CPU
		Release|Any CPU = Release|Any CPU
	EndGlobalSection
	GlobalSection(ProjectConfigurationPlatforms) = postSolution
		{94D59E68-AF93-456D-95BA-13235009BC7F}.Debug|Any CPU.ActiveCfg = Debug|Any CPU
		{94D59E68-AF93-456D-95BA-13235009BC7F}.Debug|Any CPU.Build.0 = Debug|Any CPU
		{94D59E68-AF93-456D-95BA-13235009BC7F}.Release|Any CPU.ActiveCfg = Release|Any CPU
		{94D59E68-AF93-456D-95BA-13235009BC7F}.Release|Any CPU.Build.0 = Release|Any CPU
	EndGlobalSection
	GlobalSection(SolutionProperties) = preSolution
		HideSolutionNode = FALSE
	EndGlobalSection
	GlobalSection(ExtensibilityGlobals) = postSolution
		SolutionGuid = {0B74A8F0-3494-4E19-A135-FEA97FC193AA}
	EndGlobalSection
EndGlobal
