
Microsoft Visual Studio Solution File, Format Version 12.00
# Visual Studio Version 16
VisualStudioVersion = 16.0.29613.14
MinimumVisualStudioVersion = 10.0.40219.1
Project("{FAE04EC0-301F-11D3-BF4B-00C04F79EFBC}") = "PruebaVector11", "PruebaVector11\PruebaVector11.csproj", "{8EE5EB54-2F31-4FDD-BE0A-0EE2C018401D}"
EndProject
Global
	GlobalSection(SolutionConfigurationPlatforms) = preSolution
		Debug|Any CPU = Debug|Any CPU
		Release|Any CPU = Release|Any CPU
	EndGlobalSection
	GlobalSection(ProjectConfigurationPlatforms) = postSolution
		{8EE5EB54-2F31-4FDD-BE0A-0EE2C018401D}.Debug|Any CPU.ActiveCfg = Debug|Any CPU
		{8EE5EB54-2F31-4FDD-BE0A-0EE2C018401D}.Debug|Any CPU.Build.0 = Debug|Any CPU
		{8EE5EB54-2F31-4FDD-BE0A-0EE2C018401D}.Release|Any CPU.ActiveCfg = Release|Any CPU
		{8EE5EB54-2F31-4FDD-BE0A-0EE2C018401D}.Release|Any CPU.Build.0 = Release|Any CPU
	EndGlobalSection
	GlobalSection(SolutionProperties) = preSolution
		HideSolutionNode = FALSE
	EndGlobalSection
	GlobalSection(ExtensibilityGlobals) = postSolution
		SolutionGuid = {6C46B3BE-EB12-430B-9BC0-CD1EF62A63FE}
	EndGlobalSection
EndGlobal
