
Microsoft Visual Studio Solution File, Format Version 12.00
# Visual Studio Version 16
VisualStudioVersion = 16.0.29613.14
MinimumVisualStudioVersion = 10.0.40219.1
Project("{FAE04EC0-301F-11D3-BF4B-00C04F79EFBC}") = "PruebaVector3", "PruebaVector3\PruebaVector3.csproj", "{F7331C90-715F-41DE-A1A6-EE6DF447FEAA}"
EndProject
Global
	GlobalSection(SolutionConfigurationPlatforms) = preSolution
		Debug|Any CPU = Debug|Any CPU
		Release|Any CPU = Release|Any CPU
	EndGlobalSection
	GlobalSection(ProjectConfigurationPlatforms) = postSolution
		{F7331C90-715F-41DE-A1A6-EE6DF447FEAA}.Debug|Any CPU.ActiveCfg = Debug|Any CPU
		{F7331C90-715F-41DE-A1A6-EE6DF447FEAA}.Debug|Any CPU.Build.0 = Debug|Any CPU
		{F7331C90-715F-41DE-A1A6-EE6DF447FEAA}.Release|Any CPU.ActiveCfg = Release|Any CPU
		{F7331C90-715F-41DE-A1A6-EE6DF447FEAA}.Release|Any CPU.Build.0 = Release|Any CPU
	EndGlobalSection
	GlobalSection(SolutionProperties) = preSolution
		HideSolutionNode = FALSE
	EndGlobalSection
	GlobalSection(ExtensibilityGlobals) = postSolution
		SolutionGuid = {CDBD146B-C312-4B07-838C-4FFAE9B9C135}
	EndGlobalSection
EndGlobal
