
Microsoft Visual Studio Solution File, Format Version 12.00
# Visual Studio Version 16
VisualStudioVersion = 16.0.29613.14
MinimumVisualStudioVersion = 10.0.40219.1
Project("{FAE04EC0-301F-11D3-BF4B-00C04F79EFBC}") = "PruebaVector1", "PruebaVector1\PruebaVector1.csproj", "{F753D4C0-D087-420F-95EE-55C7F546C36B}"
EndProject
Global
	GlobalSection(SolutionConfigurationPlatforms) = preSolution
		Debug|Any CPU = Debug|Any CPU
		Release|Any CPU = Release|Any CPU
	EndGlobalSection
	GlobalSection(ProjectConfigurationPlatforms) = postSolution
		{F753D4C0-D087-420F-95EE-55C7F546C36B}.Debug|Any CPU.ActiveCfg = Debug|Any CPU
		{F753D4C0-D087-420F-95EE-55C7F546C36B}.Debug|Any CPU.Build.0 = Debug|Any CPU
		{F753D4C0-D087-420F-95EE-55C7F546C36B}.Release|Any CPU.ActiveCfg = Release|Any CPU
		{F753D4C0-D087-420F-95EE-55C7F546C36B}.Release|Any CPU.Build.0 = Release|Any CPU
	EndGlobalSection
	GlobalSection(SolutionProperties) = preSolution
		HideSolutionNode = FALSE
	EndGlobalSection
	GlobalSection(ExtensibilityGlobals) = postSolution
		SolutionGuid = {390CDF75-0E2B-4CE8-96F4-2D6A2883D929}
	EndGlobalSection
EndGlobal
