
Microsoft Visual Studio Solution File, Format Version 12.00
# Visual Studio Version 16
VisualStudioVersion = 16.0.29613.14
MinimumVisualStudioVersion = 10.0.40219.1
Project("{FAE04EC0-301F-11D3-BF4B-00C04F79EFBC}") = "PruebaConstructor1", "PruebaConstructor1\PruebaConstructor1.csproj", "{EF99F7E4-49CF-4C55-A80B-1FB06550F54A}"
EndProject
Global
	GlobalSection(SolutionConfigurationPlatforms) = preSolution
		Debug|Any CPU = Debug|Any CPU
		Release|Any CPU = Release|Any CPU
	EndGlobalSection
	GlobalSection(ProjectConfigurationPlatforms) = postSolution
		{EF99F7E4-49CF-4C55-A80B-1FB06550F54A}.Debug|Any CPU.ActiveCfg = Debug|Any CPU
		{EF99F7E4-49CF-4C55-A80B-1FB06550F54A}.Debug|Any CPU.Build.0 = Debug|Any CPU
		{EF99F7E4-49CF-4C55-A80B-1FB06550F54A}.Release|Any CPU.ActiveCfg = Release|Any CPU
		{EF99F7E4-49CF-4C55-A80B-1FB06550F54A}.Release|Any CPU.Build.0 = Release|Any CPU
	EndGlobalSection
	GlobalSection(SolutionProperties) = preSolution
		HideSolutionNode = FALSE
	EndGlobalSection
	GlobalSection(ExtensibilityGlobals) = postSolution
		SolutionGuid = {85CD4959-7371-4124-8BD1-FEE463406D3A}
	EndGlobalSection
EndGlobal
