
Microsoft Visual Studio Solution File, Format Version 12.00
# Visual Studio Version 16
VisualStudioVersion = 16.0.29613.14
MinimumVisualStudioVersion = 10.0.40219.1
Project("{FAE04EC0-301F-11D3-BF4B-00C04F79EFBC}") = "EstructuraRepetitivaWhile4", "EstructuraRepetitivaWhile4\EstructuraRepetitivaWhile4.csproj", "{F3019F22-220E-4C3B-892A-05CDEB166A9C}"
EndProject
Global
	GlobalSection(SolutionConfigurationPlatforms) = preSolution
		Debug|Any CPU = Debug|Any CPU
		Release|Any CPU = Release|Any CPU
	EndGlobalSection
	GlobalSection(ProjectConfigurationPlatforms) = postSolution
		{F3019F22-220E-4C3B-892A-05CDEB166A9C}.Debug|Any CPU.ActiveCfg = Debug|Any CPU
		{F3019F22-220E-4C3B-892A-05CDEB166A9C}.Debug|Any CPU.Build.0 = Debug|Any CPU
		{F3019F22-220E-4C3B-892A-05CDEB166A9C}.Release|Any CPU.ActiveCfg = Release|Any CPU
		{F3019F22-220E-4C3B-892A-05CDEB166A9C}.Release|Any CPU.Build.0 = Release|Any CPU
	EndGlobalSection
	GlobalSection(SolutionProperties) = preSolution
		HideSolutionNode = FALSE
	EndGlobalSection
	GlobalSection(ExtensibilityGlobals) = postSolution
		SolutionGuid = {D0EC2B9F-0292-4015-9746-6EC5A3AEC294}
	EndGlobalSection
EndGlobal
