
Microsoft Visual Studio Solution File, Format Version 12.00
# Visual Studio Version 16
VisualStudioVersion = 16.0.29613.14
MinimumVisualStudioVersion = 10.0.40219.1
Project("{FAE04EC0-301F-11D3-BF4B-00C04F79EFBC}") = "EstructuraCondicionalAnidada1", "EstructuraCondicionalAnidada1\EstructuraCondicionalAnidada1.csproj", "{224D05AD-CD51-4BF8-8F97-A179EBD85D77}"
EndProject
Global
	GlobalSection(SolutionConfigurationPlatforms) = preSolution
		Debug|Any CPU = Debug|Any CPU
		Release|Any CPU = Release|Any CPU
	EndGlobalSection
	GlobalSection(ProjectConfigurationPlatforms) = postSolution
		{224D05AD-CD51-4BF8-8F97-A179EBD85D77}.Debug|Any CPU.ActiveCfg = Debug|Any CPU
		{224D05AD-CD51-4BF8-8F97-A179EBD85D77}.Debug|Any CPU.Build.0 = Debug|Any CPU
		{224D05AD-CD51-4BF8-8F97-A179EBD85D77}.Release|Any CPU.ActiveCfg = Release|Any CPU
		{224D05AD-CD51-4BF8-8F97-A179EBD85D77}.Release|Any CPU.Build.0 = Release|Any CPU
	EndGlobalSection
	GlobalSection(SolutionProperties) = preSolution
		HideSolutionNode = FALSE
	EndGlobalSection
	GlobalSection(ExtensibilityGlobals) = postSolution
		SolutionGuid = {9A18C744-2E20-473E-939C-B278366B6268}
	EndGlobalSection
EndGlobal
