
Microsoft Visual Studio Solution File, Format Version 12.00
# Visual Studio Version 16
VisualStudioVersion = 16.0.29613.14
MinimumVisualStudioVersion = 10.0.40219.1
Project("{FAE04EC0-301F-11D3-BF4B-00C04F79EFBC}") = "EstructuraCondicionalCompuesta3", "EstructuraCondicionalCompuesta3\EstructuraCondicionalCompuesta3.csproj", "{397BA242-6127-411A-9383-4BFCD1F61151}"
EndProject
Global
	GlobalSection(SolutionConfigurationPlatforms) = preSolution
		Debug|Any CPU = Debug|Any CPU
		Release|Any CPU = Release|Any CPU
	EndGlobalSection
	GlobalSection(ProjectConfigurationPlatforms) = postSolution
		{397BA242-6127-411A-9383-4BFCD1F61151}.Debug|Any CPU.ActiveCfg = Debug|Any CPU
		{397BA242-6127-411A-9383-4BFCD1F61151}.Debug|Any CPU.Build.0 = Debug|Any CPU
		{397BA242-6127-411A-9383-4BFCD1F61151}.Release|Any CPU.ActiveCfg = Release|Any CPU
		{397BA242-6127-411A-9383-4BFCD1F61151}.Release|Any CPU.Build.0 = Release|Any CPU
	EndGlobalSection
	GlobalSection(SolutionProperties) = preSolution
		HideSolutionNode = FALSE
	EndGlobalSection
	GlobalSection(ExtensibilityGlobals) = postSolution
		SolutionGuid = {839BB734-B8D4-47FB-A66B-618411A7C411}
	EndGlobalSection
EndGlobal
