
Microsoft Visual Studio Solution File, Format Version 12.00
# Visual Studio Version 16
VisualStudioVersion = 16.0.29613.14
MinimumVisualStudioVersion = 10.0.40219.1
Project("{FAE04EC0-301F-11D3-BF4B-00C04F79EFBC}") = "MatrizIrregular2", "MatrizIrregular2\MatrizIrregular2.csproj", "{A9473D7A-65D9-43F9-9D70-14DE68FB52F8}"
EndProject
Global
	GlobalSection(SolutionConfigurationPlatforms) = preSolution
		Debug|Any CPU = Debug|Any CPU
		Release|Any CPU = Release|Any CPU
	EndGlobalSection
	GlobalSection(ProjectConfigurationPlatforms) = postSolution
		{A9473D7A-65D9-43F9-9D70-14DE68FB52F8}.Debug|Any CPU.ActiveCfg = Debug|Any CPU
		{A9473D7A-65D9-43F9-9D70-14DE68FB52F8}.Debug|Any CPU.Build.0 = Debug|Any CPU
		{A9473D7A-65D9-43F9-9D70-14DE68FB52F8}.Release|Any CPU.ActiveCfg = Release|Any CPU
		{A9473D7A-65D9-43F9-9D70-14DE68FB52F8}.Release|Any CPU.Build.0 = Release|Any CPU
	EndGlobalSection
	GlobalSection(SolutionProperties) = preSolution
		HideSolutionNode = FALSE
	EndGlobalSection
	GlobalSection(ExtensibilityGlobals) = postSolution
		SolutionGuid = {8385C918-C474-43D6-8253-22C0EE86A0E7}
	EndGlobalSection
EndGlobal
