
Microsoft Visual Studio Solution File, Format Version 12.00
# Visual Studio Version 16
VisualStudioVersion = 16.0.29613.14
MinimumVisualStudioVersion = 10.0.40219.1
Project("{FAE04EC0-301F-11D3-BF4B-00C04F79EFBC}") = "Tabla", "Tabla\Tabla.csproj", "{E6321E32-EB1E-4C13-B25C-ADDC00543FE0}"
EndProject
Global
	GlobalSection(SolutionConfigurationPlatforms) = preSolution
		Debug|Any CPU = Debug|Any CPU
		Release|Any CPU = Release|Any CPU
	EndGlobalSection
	GlobalSection(ProjectConfigurationPlatforms) = postSolution
		{E6321E32-EB1E-4C13-B25C-ADDC00543FE0}.Debug|Any CPU.ActiveCfg = Debug|Any CPU
		{E6321E32-EB1E-4C13-B25C-ADDC00543FE0}.Debug|Any CPU.Build.0 = Debug|Any CPU
		{E6321E32-EB1E-4C13-B25C-ADDC00543FE0}.Release|Any CPU.ActiveCfg = Release|Any CPU
		{E6321E32-EB1E-4C13-B25C-ADDC00543FE0}.Release|Any CPU.Build.0 = Release|Any CPU
	EndGlobalSection
	GlobalSection(SolutionProperties) = preSolution
		HideSolutionNode = FALSE
	EndGlobalSection
	GlobalSection(ExtensibilityGlobals) = postSolution
		SolutionGuid = {A421049A-2482-4553-B125-461B68F612D4}
	EndGlobalSection
EndGlobal
